
Microsoft Visual Studio Solution File, Format Version 12.00
# Visual Studio Version 17
VisualStudioVersion = 17.8.34316.72
MinimumVisualStudioVersion = 10.0.40219.1
Project("{FAE04EC0-301F-11D3-BF4B-00C04F79EFBC}") = "Nota2", "Nota2\Nota2.csproj", "{FFCD63E2-7C35-4A87-8101-0ECD28F6890F}"
EndProject
Global
	GlobalSection(SolutionConfigurationPlatforms) = preSolution
		Debug|Any CPU = Debug|Any CPU
		Release|Any CPU = Release|Any CPU
	EndGlobalSection
	GlobalSection(ProjectConfigurationPlatforms) = postSolution
		{FFCD63E2-7C35-4A87-8101-0ECD28F6890F}.Debug|Any CPU.ActiveCfg = Debug|Any CPU
		{FFCD63E2-7C35-4A87-8101-0ECD28F6890F}.Debug|Any CPU.Build.0 = Debug|Any CPU
		{FFCD63E2-7C35-4A87-8101-0ECD28F6890F}.Release|Any CPU.ActiveCfg = Release|Any CPU
		{FFCD63E2-7C35-4A87-8101-0ECD28F6890F}.Release|Any CPU.Build.0 = Release|Any CPU
	EndGlobalSection
	GlobalSection(SolutionProperties) = preSolution
		HideSolutionNode = FALSE
	EndGlobalSection
	GlobalSection(ExtensibilityGlobals) = postSolution
		SolutionGuid = {2A4E2350-5117-423E-B5AA-8998CE81DF72}
	EndGlobalSection
EndGlobal
